{
  "name": "LumenForgeWebUI",
  "lockfileVersion": 3,
  "requires": true,
  "packages": {
    "": {
      "dependencies": {
        "@types/keycloak-js": "^2.5.4",
        "keycloak-js": "^26.2.2",
        "zustand": "^5.0.9"
      }
    },
    "node_modules/@types/keycloak-js": {
      "version": "2.5.4",
      "resolved": "https://registry.npmjs.org/@types/keycloak-js/-/keycloak-js-2.5.4.tgz",
      "integrity": "sha512-fJkr8ApHGTyYemFJMS2f4ROH2atCqG9d4xsvWleCBcm6rbE952HNGnqFFHuvN2FFsqOjKriiWSO9h12wohVGmQ==",
      "license": "MIT"
    },
    "node_modules/keycloak-js": {
      "version": "26.2.2",
      "resolved": "https://registry.npmjs.org/keycloak-js/-/keycloak-js-26.2.2.tgz",
      "integrity": "sha512-ug7pNZ1xNkd7PPkerOJCEU2VnUhS7CYStDOCFJgqCNQ64h53ppxaKrh4iXH0xM8hFu5b1W6e6lsyYWqBMvaQFg==",
      "license": "Apache-2.0",
      "workspaces": [
        "test"
      ]
    },
    "node_modules/zustand": {
      "version": "5.0.9",
      "resolved": "https://registry.npmjs.org/zustand/-/zustand-5.0.9.tgz",
      "integrity": "sha512-ALBtUj0AfjJt3uNRQoL1tL2tMvj6Gp/6e39dnfT6uzpelGru8v1tPOGBzayOWbPJvujM8JojDk3E1LxeFisBNg==",
      "license": "MIT",
      "engines": {
        "node": ">=12.20.0"
      },
      "peerDependencies": {
        "@types/react": ">=18.0.0",
        "immer": ">=9.0.6",
        "react": ">=18.0.0",
        "use-sync-external-store": ">=1.2.0"
      },
      "peerDependenciesMeta": {
        "@types/react": {
          "optional": true
        },
        "immer": {
          "optional": true
        },
        "react": {
          "optional": true
        },
        "use-sync-external-store": {
          "optional": true
        }
      }
    }
  }
}
